// !$*UTF8*$!
{
	archiveVersion = 1;
	classes = {
	};
	objectVersion = 56;
	objects = {

/* Begin PBXBuildFile section */
		001 /* PDFReaderApp.swift in Sources */ = {isa = PBXBuildFile; fileRef = 101; };
		002 /* ContentView.swift in Sources */ = {isa = PBXBuildFile; fileRef = 102; };
		003 /* DocumentManager.swift in Sources */ = {isa = PBXBuildFile; fileRef = 103; };
		004 /* PDFKitView.swift in Sources */ = {isa = PBXBuildFile; fileRef = 104; };
		005 /* ThumbnailSidebarView.swift in Sources */ = {isa = PBXBuildFile; fileRef = 105; };
		006 /* ToolbarView.swift in Sources */ = {isa = PBXBuildFile; fileRef = 106; };
		007 /* SearchBarView.swift in Sources */ = {isa = PBXBuildFile; fileRef = 107; };
		008 /* SettingsView.swift in Sources */ = {isa = PBXBuildFile; fileRef = 108; };
		009 /* Assets.xcassets in Resources */ = {isa = PBXBuildFile; fileRef = 109; };
		010 /* Bookmark.swift in Sources */ = {isa = PBXBuildFile; fileRef = 111; };
		011 /* RecentDocument.swift in Sources */ = {isa = PBXBuildFile; fileRef = 112; };
		012 /* AISettings.swift in Sources */ = {isa = PBXBuildFile; fileRef = 113; };
		013 /* BookmarkManager.swift in Sources */ = {isa = PBXBuildFile; fileRef = 114; };
		014 /* RecentDocumentsManager.swift in Sources */ = {isa = PBXBuildFile; fileRef = 115; };
		015 /* AIAssistantManager.swift in Sources */ = {isa = PBXBuildFile; fileRef = 116; };
		016 /* DictionaryManager.swift in Sources */ = {isa = PBXBuildFile; fileRef = 117; };
		017 /* BookmarksView.swift in Sources */ = {isa = PBXBuildFile; fileRef = 118; };
		018 /* AnnotationsView.swift in Sources */ = {isa = PBXBuildFile; fileRef = 119; };
		019 /* RecentDocumentsView.swift in Sources */ = {isa = PBXBuildFile; fileRef = 120; };
		020 /* AIAssistantView.swift in Sources */ = {isa = PBXBuildFile; fileRef = 121; };
		021 /* DictionaryView.swift in Sources */ = {isa = PBXBuildFile; fileRef = 122; };
		022 /* WebSearchView.swift in Sources */ = {isa = PBXBuildFile; fileRef = 123; };
		023 /* PDFReaderTests.swift in Sources */ = {isa = PBXBuildFile; fileRef = 124; };
		024 /* SavedColorsManager.swift in Sources */ = {isa = PBXBuildFile; fileRef = 126; };
		025 /* ReadingProgressManager.swift in Sources */ = {isa = PBXBuildFile; fileRef = 127; };
		026 /* FocusTimerManager.swift in Sources */ = {isa = PBXBuildFile; fileRef = 128; };
		027 /* CitationExtractor.swift in Sources */ = {isa = PBXBuildFile; fileRef = 129; };
		028 /* OCRManager.swift in Sources */ = {isa = PBXBuildFile; fileRef = 130; };
		029 /* CloudSyncManager.swift in Sources */ = {isa = PBXBuildFile; fileRef = 131; };
		030 /* FocusTimerView.swift in Sources */ = {isa = PBXBuildFile; fileRef = 132; };
		031 /* ReadingProgressView.swift in Sources */ = {isa = PBXBuildFile; fileRef = 133; };
		032 /* CitationExtractorView.swift in Sources */ = {isa = PBXBuildFile; fileRef = 134; };
		033 /* OCRView.swift in Sources */ = {isa = PBXBuildFile; fileRef = 135; };
		034 /* FocusModeView.swift in Sources */ = {isa = PBXBuildFile; fileRef = 136; };
		035 /* CloudSyncView.swift in Sources */ = {isa = PBXBuildFile; fileRef = 137; };
		036 /* SelectionToolbarView.swift in Sources */ = {isa = PBXBuildFile; fileRef = 138; };
/* End PBXBuildFile section */

/* Begin PBXFileReference section */
		100 /* PDFReader.app */ = {isa = PBXFileReference; explicitFileType = wrapper.application; includeInIndex = 0; path = PDFReader.app; sourceTree = BUILT_PRODUCTS_DIR; };
		101 /* PDFReaderApp.swift */ = {isa = PBXFileReference; lastKnownFileType = sourcecode.swift; path = PDFReaderApp.swift; sourceTree = "<group>"; };
		102 /* ContentView.swift */ = {isa = PBXFileReference; lastKnownFileType = sourcecode.swift; path = ContentView.swift; sourceTree = "<group>"; };
		103 /* DocumentManager.swift */ = {isa = PBXFileReference; lastKnownFileType = sourcecode.swift; path = DocumentManager.swift; sourceTree = "<group>"; };
		104 /* PDFKitView.swift */ = {isa = PBXFileReference; lastKnownFileType = sourcecode.swift; path = PDFKitView.swift; sourceTree = "<group>"; };
		105 /* ThumbnailSidebarView.swift */ = {isa = PBXFileReference; lastKnownFileType = sourcecode.swift; path = ThumbnailSidebarView.swift; sourceTree = "<group>"; };
		106 /* ToolbarView.swift */ = {isa = PBXFileReference; lastKnownFileType = sourcecode.swift; path = ToolbarView.swift; sourceTree = "<group>"; };
		107 /* SearchBarView.swift */ = {isa = PBXFileReference; lastKnownFileType = sourcecode.swift; path = SearchBarView.swift; sourceTree = "<group>"; };
		108 /* SettingsView.swift */ = {isa = PBXFileReference; lastKnownFileType = sourcecode.swift; path = SettingsView.swift; sourceTree = "<group>"; };
		109 /* Assets.xcassets */ = {isa = PBXFileReference; lastKnownFileType = folder.assetcatalog; path = Assets.xcassets; sourceTree = "<group>"; };
		110 /* PDFReader.entitlements */ = {isa = PBXFileReference; lastKnownFileType = text.plist.entitlements; path = PDFReader.entitlements; sourceTree = "<group>"; };
		111 /* Bookmark.swift */ = {isa = PBXFileReference; lastKnownFileType = sourcecode.swift; path = Bookmark.swift; sourceTree = "<group>"; };
		112 /* RecentDocument.swift */ = {isa = PBXFileReference; lastKnownFileType = sourcecode.swift; path = RecentDocument.swift; sourceTree = "<group>"; };
		113 /* AISettings.swift */ = {isa = PBXFileReference; lastKnownFileType = sourcecode.swift; path = AISettings.swift; sourceTree = "<group>"; };
		114 /* BookmarkManager.swift */ = {isa = PBXFileReference; lastKnownFileType = sourcecode.swift; path = BookmarkManager.swift; sourceTree = "<group>"; };
		115 /* RecentDocumentsManager.swift */ = {isa = PBXFileReference; lastKnownFileType = sourcecode.swift; path = RecentDocumentsManager.swift; sourceTree = "<group>"; };
		116 /* AIAssistantManager.swift */ = {isa = PBXFileReference; lastKnownFileType = sourcecode.swift; path = AIAssistantManager.swift; sourceTree = "<group>"; };
		117 /* DictionaryManager.swift */ = {isa = PBXFileReference; lastKnownFileType = sourcecode.swift; path = DictionaryManager.swift; sourceTree = "<group>"; };
		118 /* BookmarksView.swift */ = {isa = PBXFileReference; lastKnownFileType = sourcecode.swift; path = BookmarksView.swift; sourceTree = "<group>"; };
		119 /* AnnotationsView.swift */ = {isa = PBXFileReference; lastKnownFileType = sourcecode.swift; path = AnnotationsView.swift; sourceTree = "<group>"; };
		120 /* RecentDocumentsView.swift */ = {isa = PBXFileReference; lastKnownFileType = sourcecode.swift; path = RecentDocumentsView.swift; sourceTree = "<group>"; };
		121 /* AIAssistantView.swift */ = {isa = PBXFileReference; lastKnownFileType = sourcecode.swift; path = AIAssistantView.swift; sourceTree = "<group>"; };
		122 /* DictionaryView.swift */ = {isa = PBXFileReference; lastKnownFileType = sourcecode.swift; path = DictionaryView.swift; sourceTree = "<group>"; };
		123 /* WebSearchView.swift */ = {isa = PBXFileReference; lastKnownFileType = sourcecode.swift; path = WebSearchView.swift; sourceTree = "<group>"; };
		124 /* PDFReaderTests.swift */ = {isa = PBXFileReference; lastKnownFileType = sourcecode.swift; path = PDFReaderTests.swift; sourceTree = "<group>"; };
		125 /* PDFReaderTests.xctest */ = {isa = PBXFileReference; explicitFileType = wrapper.cfbundle; includeInIndex = 0; path = PDFReaderTests.xctest; sourceTree = BUILT_PRODUCTS_DIR; };
		126 /* SavedColorsManager.swift */ = {isa = PBXFileReference; lastKnownFileType = sourcecode.swift; path = SavedColorsManager.swift; sourceTree = "<group>"; };
		127 /* ReadingProgressManager.swift */ = {isa = PBXFileReference; lastKnownFileType = sourcecode.swift; path = ReadingProgressManager.swift; sourceTree = "<group>"; };
		128 /* FocusTimerManager.swift */ = {isa = PBXFileReference; lastKnownFileType = sourcecode.swift; path = FocusTimerManager.swift; sourceTree = "<group>"; };
		129 /* CitationExtractor.swift */ = {isa = PBXFileReference; lastKnownFileType = sourcecode.swift; path = CitationExtractor.swift; sourceTree = "<group>"; };
		130 /* OCRManager.swift */ = {isa = PBXFileReference; lastKnownFileType = sourcecode.swift; path = OCRManager.swift; sourceTree = "<group>"; };
		131 /* CloudSyncManager.swift */ = {isa = PBXFileReference; lastKnownFileType = sourcecode.swift; path = CloudSyncManager.swift; sourceTree = "<group>"; };
		132 /* FocusTimerView.swift */ = {isa = PBXFileReference; lastKnownFileType = sourcecode.swift; path = FocusTimerView.swift; sourceTree = "<group>"; };
		133 /* ReadingProgressView.swift */ = {isa = PBXFileReference; lastKnownFileType = sourcecode.swift; path = ReadingProgressView.swift; sourceTree = "<group>"; };
		134 /* CitationExtractorView.swift */ = {isa = PBXFileReference; lastKnownFileType = sourcecode.swift; path = CitationExtractorView.swift; sourceTree = "<group>"; };
		135 /* OCRView.swift */ = {isa = PBXFileReference; lastKnownFileType = sourcecode.swift; path = OCRView.swift; sourceTree = "<group>"; };
		136 /* FocusModeView.swift */ = {isa = PBXFileReference; lastKnownFileType = sourcecode.swift; path = FocusModeView.swift; sourceTree = "<group>"; };
		137 /* CloudSyncView.swift */ = {isa = PBXFileReference; lastKnownFileType = sourcecode.swift; path = CloudSyncView.swift; sourceTree = "<group>"; };
		138 /* SelectionToolbarView.swift */ = {isa = PBXFileReference; lastKnownFileType = sourcecode.swift; path = SelectionToolbarView.swift; sourceTree = "<group>"; };
/* End PBXFileReference section */

/* Begin PBXFrameworksBuildPhase section */
		200 /* Frameworks */ = {
			isa = PBXFrameworksBuildPhase;
			buildActionMask = 2147483647;
			files = (
			);
			runOnlyForDeploymentPostprocessing = 0;
		};
		201 /* Frameworks */ = {
			isa = PBXFrameworksBuildPhase;
			buildActionMask = 2147483647;
			files = (
			);
			runOnlyForDeploymentPostprocessing = 0;
		};
/* End PBXFrameworksBuildPhase section */

/* Begin PBXGroup section */
		300 = {
			isa = PBXGroup;
			children = (
				301 /* PDFReader */,
				306 /* PDFReaderTests */,
				302 /* Products */,
			);
			sourceTree = "<group>";
		};
		301 /* PDFReader */ = {
			isa = PBXGroup;
			children = (
				101 /* PDFReaderApp.swift */,
				102 /* ContentView.swift */,
				103 /* DocumentManager.swift */,
				104 /* PDFKitView.swift */,
				105 /* ThumbnailSidebarView.swift */,
				106 /* ToolbarView.swift */,
				107 /* SearchBarView.swift */,
				108 /* SettingsView.swift */,
				303 /* Models */,
				304 /* Managers */,
				305 /* Views */,
				109 /* Assets.xcassets */,
				110 /* PDFReader.entitlements */,
			);
			path = PDFReader;
			sourceTree = "<group>";
		};
		302 /* Products */ = {
			isa = PBXGroup;
			children = (
				100 /* PDFReader.app */,
				125 /* PDFReaderTests.xctest */,
			);
			name = Products;
			sourceTree = "<group>";
		};
		306 /* PDFReaderTests */ = {
			isa = PBXGroup;
			children = (
				124 /* PDFReaderTests.swift */,
			);
			path = PDFReaderTests;
			sourceTree = "<group>";
		};
		303 /* Models */ = {
			isa = PBXGroup;
			children = (
				111 /* Bookmark.swift */,
				112 /* RecentDocument.swift */,
				113 /* AISettings.swift */,
			);
			path = Models;
			sourceTree = "<group>";
		};
		304 /* Managers */ = {
			isa = PBXGroup;
			children = (
				114 /* BookmarkManager.swift */,
				115 /* RecentDocumentsManager.swift */,
				116 /* AIAssistantManager.swift */,
				117 /* DictionaryManager.swift */,
				126 /* SavedColorsManager.swift */,
				127 /* ReadingProgressManager.swift */,
				128 /* FocusTimerManager.swift */,
				129 /* CitationExtractor.swift */,
				130 /* OCRManager.swift */,
				131 /* CloudSyncManager.swift */,
			);
			path = Managers;
			sourceTree = "<group>";
		};
		305 /* Views */ = {
			isa = PBXGroup;
			children = (
				118 /* BookmarksView.swift */,
				119 /* AnnotationsView.swift */,
				120 /* RecentDocumentsView.swift */,
				121 /* AIAssistantView.swift */,
				122 /* DictionaryView.swift */,
				123 /* WebSearchView.swift */,
				132 /* FocusTimerView.swift */,
				133 /* ReadingProgressView.swift */,
				134 /* CitationExtractorView.swift */,
				135 /* OCRView.swift */,
				136 /* FocusModeView.swift */,
				137 /* CloudSyncView.swift */,
				138 /* SelectionToolbarView.swift */,
			);
			path = Views;
			sourceTree = "<group>";
		};
/* End PBXGroup section */

/* Begin PBXNativeTarget section */
		400 /* PDFReader */ = {
			isa = PBXNativeTarget;
			buildConfigurationList = 500;
			buildPhases = (
				401 /* Sources */,
				200 /* Frameworks */,
				402 /* Resources */,
			);
			buildRules = (
			);
			dependencies = (
			);
			name = PDFReader;
			productName = PDFReader;
			productReference = 100 /* PDFReader.app */;
			productType = "com.apple.product-type.application";
		};
		410 /* PDFReaderTests */ = {
			isa = PBXNativeTarget;
			buildConfigurationList = 510;
			buildPhases = (
				411 /* Sources */,
				201 /* Frameworks */,
				412 /* Resources */,
			);
			buildRules = (
			);
			dependencies = (
				421 /* PBXTargetDependency */,
			);
			name = PDFReaderTests;
			productName = PDFReaderTests;
			productReference = 125 /* PDFReaderTests.xctest */;
			productType = "com.apple.product-type.bundle.unit-test";
		};
/* End PBXNativeTarget section */

/* Begin PBXTargetDependency section */
		421 /* PBXTargetDependency */ = {
			isa = PBXTargetDependency;
			target = 400 /* PDFReader */;
			targetProxy = 422 /* PBXContainerItemProxy */;
		};
/* End PBXTargetDependency section */

/* Begin PBXContainerItemProxy section */
		422 /* PBXContainerItemProxy */ = {
			isa = PBXContainerItemProxy;
			containerPortal = 600 /* Project object */;
			proxyType = 1;
			remoteGlobalIDString = 400;
			remoteInfo = PDFReader;
		};
/* End PBXContainerItemProxy section */

/* Begin PBXProject section */
		600 /* Project object */ = {
			isa = PBXProject;
			attributes = {
				BuildIndependentTargetsInParallel = 1;
				LastSwiftUpdateCheck = 1500;
				LastUpgradeCheck = 1500;
				TargetAttributes = {
					400 = {
						CreatedOnToolsVersion = 15.0;
					};
					410 = {
						CreatedOnToolsVersion = 15.0;
						TestTargetID = 400;
					};
				};
			};
			buildConfigurationList = 601;
			compatibilityVersion = "Xcode 14.0";
			developmentRegion = en;
			hasScannedForEncodings = 0;
			knownRegions = (
				en,
				Base,
			);
			mainGroup = 300;
			productRefGroup = 302 /* Products */;
			projectDirPath = "";
			projectRoot = "";
			targets = (
				400 /* PDFReader */,
				410 /* PDFReaderTests */,
			);
		};
/* End PBXProject section */

/* Begin PBXResourcesBuildPhase section */
		402 /* Resources */ = {
			isa = PBXResourcesBuildPhase;
			buildActionMask = 2147483647;
			files = (
				009 /* Assets.xcassets in Resources */,
			);
			runOnlyForDeploymentPostprocessing = 0;
		};
		412 /* Resources */ = {
			isa = PBXResourcesBuildPhase;
			buildActionMask = 2147483647;
			files = (
			);
			runOnlyForDeploymentPostprocessing = 0;
		};
/* End PBXResourcesBuildPhase section */

/* Begin PBXSourcesBuildPhase section */
		401 /* Sources */ = {
			isa = PBXSourcesBuildPhase;
			buildActionMask = 2147483647;
			files = (
				001 /* PDFReaderApp.swift in Sources */,
				002 /* ContentView.swift in Sources */,
				003 /* DocumentManager.swift in Sources */,
				004 /* PDFKitView.swift in Sources */,
				005 /* ThumbnailSidebarView.swift in Sources */,
				006 /* ToolbarView.swift in Sources */,
				007 /* SearchBarView.swift in Sources */,
				008 /* SettingsView.swift in Sources */,
				010 /* Bookmark.swift in Sources */,
				011 /* RecentDocument.swift in Sources */,
				012 /* AISettings.swift in Sources */,
				013 /* BookmarkManager.swift in Sources */,
				014 /* RecentDocumentsManager.swift in Sources */,
				015 /* AIAssistantManager.swift in Sources */,
				016 /* DictionaryManager.swift in Sources */,
				017 /* BookmarksView.swift in Sources */,
				018 /* AnnotationsView.swift in Sources */,
				019 /* RecentDocumentsView.swift in Sources */,
				020 /* AIAssistantView.swift in Sources */,
				021 /* DictionaryView.swift in Sources */,
				022 /* WebSearchView.swift in Sources */,
				024 /* SavedColorsManager.swift in Sources */,
				025 /* ReadingProgressManager.swift in Sources */,
				026 /* FocusTimerManager.swift in Sources */,
				027 /* CitationExtractor.swift in Sources */,
				028 /* OCRManager.swift in Sources */,
				029 /* CloudSyncManager.swift in Sources */,
				030 /* FocusTimerView.swift in Sources */,
				031 /* ReadingProgressView.swift in Sources */,
				032 /* CitationExtractorView.swift in Sources */,
				033 /* OCRView.swift in Sources */,
				034 /* FocusModeView.swift in Sources */,
				035 /* CloudSyncView.swift in Sources */,
				036 /* SelectionToolbarView.swift in Sources */,
			);
			runOnlyForDeploymentPostprocessing = 0;
		};
		411 /* Sources */ = {
			isa = PBXSourcesBuildPhase;
			buildActionMask = 2147483647;
			files = (
				023 /* PDFReaderTests.swift in Sources */,
			);
			runOnlyForDeploymentPostprocessing = 0;
		};
/* End PBXSourcesBuildPhase section */

/* Begin XCBuildConfiguration section */
		700 /* Debug */ = {
			isa = XCBuildConfiguration;
			buildSettings = {
				ALWAYS_SEARCH_USER_PATHS = NO;
				ASSETCATALOG_COMPILER_GENERATE_SWIFT_ASSET_SYMBOL_EXTENSIONS = YES;
				CLANG_ANALYZER_NONNULL = YES;
				CLANG_ANALYZER_NUMBER_OBJECT_CONVERSION = YES_AGGRESSIVE;
				CLANG_CXX_LANGUAGE_STANDARD = "gnu++20";
				CLANG_ENABLE_MODULES = YES;
				CLANG_ENABLE_OBJC_ARC = YES;
				CLANG_ENABLE_OBJC_WEAK = YES;
				CLANG_WARN_BLOCK_CAPTURE_AUTORELEASING = YES;
				CLANG_WARN_BOOL_CONVERSION = YES;
				CLANG_WARN_COMMA = YES;
				CLANG_WARN_CONSTANT_CONVERSION = YES;
				CLANG_WARN_DEPRECATED_OBJC_IMPLEMENTATIONS = YES;
				CLANG_WARN_DIRECT_OBJC_ISA_USAGE = YES_ERROR;
				CLANG_WARN_DOCUMENTATION_COMMENTS = YES;
				CLANG_WARN_EMPTY_BODY = YES;
				CLANG_WARN_ENUM_CONVERSION = YES;
				CLANG_WARN_INFINITE_RECURSION = YES;
				CLANG_WARN_INT_CONVERSION = YES;
				CLANG_WARN_NON_LITERAL_NULL_CONVERSION = YES;
				CLANG_WARN_OBJC_IMPLICIT_RETAIN_SELF = YES;
				CLANG_WARN_OBJC_LITERAL_CONVERSION = YES;
				CLANG_WARN_OBJC_ROOT_CLASS = YES_ERROR;
				CLANG_WARN_QUOTED_INCLUDE_IN_FRAMEWORK_HEADER = YES;
				CLANG_WARN_RANGE_LOOP_ANALYSIS = YES;
				CLANG_WARN_STRICT_PROTOTYPES = YES;
				CLANG_WARN_SUSPICIOUS_MOVE = YES;
				CLANG_WARN_UNGUARDED_AVAILABILITY = YES_AGGRESSIVE;
				CLANG_WARN_UNREACHABLE_CODE = YES;
				CLANG_WARN__DUPLICATE_METHOD_MATCH = YES;
				COPY_PHASE_STRIP = NO;
				DEBUG_INFORMATION_FORMAT = dwarf;
				ENABLE_STRICT_OBJC_MSGSEND = YES;
				ENABLE_TESTABILITY = YES;
				ENABLE_USER_SCRIPT_SANDBOXING = YES;
				GCC_C_LANGUAGE_STANDARD = gnu17;
				GCC_DYNAMIC_NO_PIC = NO;
				GCC_NO_COMMON_BLOCKS = YES;
				GCC_OPTIMIZATION_LEVEL = 0;
				GCC_PREPROCESSOR_DEFINITIONS = (
					"DEBUG=1",
					"$(inherited)",
				);
				GCC_WARN_64_TO_32_BIT_CONVERSION = YES;
				GCC_WARN_ABOUT_RETURN_TYPE = YES_ERROR;
				GCC_WARN_UNDECLARED_SELECTOR = YES;
				GCC_WARN_UNINITIALIZED_AUTOS = YES_AGGRESSIVE;
				GCC_WARN_UNUSED_FUNCTION = YES;
				GCC_WARN_UNUSED_VARIABLE = YES;
				LOCALIZATION_PREFERS_STRING_CATALOGS = YES;
				MACOSX_DEPLOYMENT_TARGET = 13.0;
				MTL_ENABLE_DEBUG_INFO = INCLUDE_SOURCE;
				MTL_FAST_MATH = YES;
				ONLY_ACTIVE_ARCH = YES;
				SDKROOT = macosx;
				SWIFT_ACTIVE_COMPILATION_CONDITIONS = "DEBUG $(inherited)";
				SWIFT_OPTIMIZATION_LEVEL = "-Onone";
			};
			name = Debug;
		};
		701 /* Release */ = {
			isa = XCBuildConfiguration;
			buildSettings = {
				ALWAYS_SEARCH_USER_PATHS = NO;
				ASSETCATALOG_COMPILER_GENERATE_SWIFT_ASSET_SYMBOL_EXTENSIONS = YES;
				CLANG_ANALYZER_NONNULL = YES;
				CLANG_ANALYZER_NUMBER_OBJECT_CONVERSION = YES_AGGRESSIVE;
				CLANG_CXX_LANGUAGE_STANDARD = "gnu++20";
				CLANG_ENABLE_MODULES = YES;
				CLANG_ENABLE_OBJC_ARC = YES;
				CLANG_ENABLE_OBJC_WEAK = YES;
				CLANG_WARN_BLOCK_CAPTURE_AUTORELEASING = YES;
				CLANG_WARN_BOOL_CONVERSION = YES;
				CLANG_WARN_COMMA = YES;
				CLANG_WARN_CONSTANT_CONVERSION = YES;
				CLANG_WARN_DEPRECATED_OBJC_IMPLEMENTATIONS = YES;
				CLANG_WARN_DIRECT_OBJC_ISA_USAGE = YES_ERROR;
				CLANG_WARN_DOCUMENTATION_COMMENTS = YES;
				CLANG_WARN_EMPTY_BODY = YES;
				CLANG_WARN_ENUM_CONVERSION = YES;
				CLANG_WARN_INFINITE_RECURSION = YES;
				CLANG_WARN_INT_CONVERSION = YES;
				CLANG_WARN_NON_LITERAL_NULL_CONVERSION = YES;
				CLANG_WARN_OBJC_IMPLICIT_RETAIN_SELF = YES;
				CLANG_WARN_OBJC_LITERAL_CONVERSION = YES;
				CLANG_WARN_OBJC_ROOT_CLASS = YES_ERROR;
				CLANG_WARN_QUOTED_INCLUDE_IN_FRAMEWORK_HEADER = YES;
				CLANG_WARN_RANGE_LOOP_ANALYSIS = YES;
				CLANG_WARN_STRICT_PROTOTYPES = YES;
				CLANG_WARN_SUSPICIOUS_MOVE = YES;
				CLANG_WARN_UNGUARDED_AVAILABILITY = YES_AGGRESSIVE;
				CLANG_WARN_UNREACHABLE_CODE = YES;
				CLANG_WARN__DUPLICATE_METHOD_MATCH = YES;
				COPY_PHASE_STRIP = NO;
				DEBUG_INFORMATION_FORMAT = "dwarf-with-dsym";
				ENABLE_NS_ASSERTIONS = NO;
				ENABLE_STRICT_OBJC_MSGSEND = YES;
				ENABLE_USER_SCRIPT_SANDBOXING = YES;
				GCC_C_LANGUAGE_STANDARD = gnu17;
				GCC_NO_COMMON_BLOCKS = YES;
				GCC_WARN_64_TO_32_BIT_CONVERSION = YES;
				GCC_WARN_ABOUT_RETURN_TYPE = YES_ERROR;
				GCC_WARN_UNDECLARED_SELECTOR = YES;
				GCC_WARN_UNINITIALIZED_AUTOS = YES_AGGRESSIVE;
				GCC_WARN_UNUSED_FUNCTION = YES;
				GCC_WARN_UNUSED_VARIABLE = YES;
				LOCALIZATION_PREFERS_STRING_CATALOGS = YES;
				MACOSX_DEPLOYMENT_TARGET = 13.0;
				MTL_ENABLE_DEBUG_INFO = NO;
				MTL_FAST_MATH = YES;
				SDKROOT = macosx;
				SWIFT_COMPILATION_MODE = wholemodule;
			};
			name = Release;
		};
		702 /* Debug */ = {
			isa = XCBuildConfiguration;
			buildSettings = {
				ASSETCATALOG_COMPILER_APPICON_NAME = AppIcon;
				ASSETCATALOG_COMPILER_GLOBAL_ACCENT_COLOR_NAME = AccentColor;
				CODE_SIGN_ENTITLEMENTS = PDFReader/PDFReader.entitlements;
				CODE_SIGN_STYLE = Automatic;
				COMBINE_HIDPI_IMAGES = YES;
				CURRENT_PROJECT_VERSION = 1;
				DEVELOPMENT_ASSET_PATHS = "";
				ENABLE_HARDENED_RUNTIME = YES;
				ENABLE_PREVIEWS = YES;
				GENERATE_INFOPLIST_FILE = YES;
				INFOPLIST_FILE = PDFReader/Info.plist;
				INFOPLIST_KEY_CFBundleDisplayName = "PDF Reader";
				INFOPLIST_KEY_LSApplicationCategoryType = "public.app-category.productivity";
				INFOPLIST_KEY_NSHumanReadableCopyright = "";
				LD_RUNPATH_SEARCH_PATHS = (
					"$(inherited)",
					"@executable_path/../Frameworks",
				);
				MARKETING_VERSION = 0.1.0-alpha;
				PRODUCT_BUNDLE_IDENTIFIER = com.pdfreader.app;
				PRODUCT_NAME = "$(TARGET_NAME)";
				SWIFT_EMIT_LOC_STRINGS = YES;
				SWIFT_VERSION = 5.0;
			};
			name = Debug;
		};
		703 /* Release */ = {
			isa = XCBuildConfiguration;
			buildSettings = {
				ASSETCATALOG_COMPILER_APPICON_NAME = AppIcon;
				ASSETCATALOG_COMPILER_GLOBAL_ACCENT_COLOR_NAME = AccentColor;
				CODE_SIGN_ENTITLEMENTS = PDFReader/PDFReader.entitlements;
				CODE_SIGN_STYLE = Automatic;
				COMBINE_HIDPI_IMAGES = YES;
				CURRENT_PROJECT_VERSION = 1;
				DEVELOPMENT_ASSET_PATHS = "";
				ENABLE_HARDENED_RUNTIME = YES;
				ENABLE_PREVIEWS = YES;
				GENERATE_INFOPLIST_FILE = YES;
				INFOPLIST_FILE = PDFReader/Info.plist;
				INFOPLIST_KEY_CFBundleDisplayName = "PDF Reader";
				INFOPLIST_KEY_LSApplicationCategoryType = "public.app-category.productivity";
				INFOPLIST_KEY_NSHumanReadableCopyright = "";
				LD_RUNPATH_SEARCH_PATHS = (
					"$(inherited)",
					"@executable_path/../Frameworks",
				);
				MARKETING_VERSION = 0.1.0-alpha;
				PRODUCT_BUNDLE_IDENTIFIER = com.pdfreader.app;
				PRODUCT_NAME = "$(TARGET_NAME)";
				SWIFT_EMIT_LOC_STRINGS = YES;
				SWIFT_VERSION = 5.0;
			};
			name = Release;
		};
		710 /* Debug */ = {
			isa = XCBuildConfiguration;
			buildSettings = {
				BUNDLE_LOADER = "$(TEST_HOST)";
				CODE_SIGN_STYLE = Automatic;
				CURRENT_PROJECT_VERSION = 1;
				GENERATE_INFOPLIST_FILE = YES;
				MACOSX_DEPLOYMENT_TARGET = 13.0;
				MARKETING_VERSION = 0.1.0-alpha;
				PRODUCT_BUNDLE_IDENTIFIER = com.pdfreader.app.tests;
				PRODUCT_NAME = "$(TARGET_NAME)";
				SWIFT_EMIT_LOC_STRINGS = NO;
				SWIFT_VERSION = 5.0;
				TEST_HOST = "$(BUILT_PRODUCTS_DIR)/PDFReader.app/Contents/MacOS/PDFReader";
			};
			name = Debug;
		};
		711 /* Release */ = {
			isa = XCBuildConfiguration;
			buildSettings = {
				BUNDLE_LOADER = "$(TEST_HOST)";
				CODE_SIGN_STYLE = Automatic;
				CURRENT_PROJECT_VERSION = 1;
				GENERATE_INFOPLIST_FILE = YES;
				MACOSX_DEPLOYMENT_TARGET = 13.0;
				MARKETING_VERSION = 0.1.0-alpha;
				PRODUCT_BUNDLE_IDENTIFIER = com.pdfreader.app.tests;
				PRODUCT_NAME = "$(TARGET_NAME)";
				SWIFT_EMIT_LOC_STRINGS = NO;
				SWIFT_VERSION = 5.0;
				TEST_HOST = "$(BUILT_PRODUCTS_DIR)/PDFReader.app/Contents/MacOS/PDFReader";
			};
			name = Release;
		};
/* End XCBuildConfiguration section */

/* Begin XCConfigurationList section */
		500 /* Build configuration list for PBXNativeTarget "PDFReader" */ = {
			isa = XCConfigurationList;
			buildConfigurations = (
				702 /* Debug */,
				703 /* Release */,
			);
			defaultConfigurationIsVisible = 0;
			defaultConfigurationName = Release;
		};
		601 /* Build configuration list for PBXProject "PDFReader" */ = {
			isa = XCConfigurationList;
			buildConfigurations = (
				700 /* Debug */,
				701 /* Release */,
			);
			defaultConfigurationIsVisible = 0;
			defaultConfigurationName = Release;
		};
		510 /* Build configuration list for PBXNativeTarget "PDFReaderTests" */ = {
			isa = XCConfigurationList;
			buildConfigurations = (
				710 /* Debug */,
				711 /* Release */,
			);
			defaultConfigurationIsVisible = 0;
			defaultConfigurationName = Release;
		};
/* End XCConfigurationList section */
	};
	rootObject = 600 /* Project object */;
}
